{
  "name": "post",
  "version": "0.0.2",
  "lockfileVersion": 2,
  "requires": true,
  "packages": {
    "": {
      "name": "post",
      "version": "0.0.2",
      "license": "MIT",
      "dependencies": {
        "@aibulat/isfile": "^0.0.3"
      },
      "bin": {
        "post": "dist/post.js"
      },
      "devDependencies": {
        "@types/node": "^18.11.13"
      },
      "engines": {
        "node": ">18.0.0"
      }
    },
    "node_modules/@aibulat/isfile": {
      "version": "0.0.3",
      "resolved": "https://registry.npmjs.org/@aibulat/isfile/-/isfile-0.0.3.tgz",
      "integrity": "sha512-17Ojj0GWOTkge19TJeFp+8kx0kA1T8O2Tzrz9ysvlOYpI7K9qkSHsVseWvg2GCZzW8F671Gsoe3oUPTQTmO+oA=="
    },
    "node_modules/@types/node": {
      "version": "18.11.13",
      "resolved": "https://registry.npmjs.org/@types/node/-/node-18.11.13.tgz",
      "integrity": "sha512-IASpMGVcWpUsx5xBOrxMj7Bl8lqfuTY7FKAnPmu5cHkfQVWF8GulWS1jbRqA934qZL35xh5xN/+Xe/i26Bod4w==",
      "dev": true
    }
  },
  "dependencies": {
    "@aibulat/isfile": {
      "version": "0.0.3",
      "resolved": "https://registry.npmjs.org/@aibulat/isfile/-/isfile-0.0.3.tgz",
      "integrity": "sha512-17Ojj0GWOTkge19TJeFp+8kx0kA1T8O2Tzrz9ysvlOYpI7K9qkSHsVseWvg2GCZzW8F671Gsoe3oUPTQTmO+oA=="
    },
    "@types/node": {
      "version": "18.11.13",
      "resolved": "https://registry.npmjs.org/@types/node/-/node-18.11.13.tgz",
      "integrity": "sha512-IASpMGVcWpUsx5xBOrxMj7Bl8lqfuTY7FKAnPmu5cHkfQVWF8GulWS1jbRqA934qZL35xh5xN/+Xe/i26Bod4w==",
      "dev": true
    }
  }
}
